
Microsoft Visual Studio Solution File, Format Version 12.00
# Visual Studio Version 16
VisualStudioVersion = 16.0.31424.327
MinimumVisualStudioVersion = 10.0.40219.1
Project("{FAE04EC0-301F-11D3-BF4B-00C04F79EFBC}") = "WebprojectWithGItHub", "WebprojectWithGItHub.csproj", "{CA99B771-DC48-4E27-B4BF-DB8B7A4BB59E}"
EndProject
Global
	GlobalSection(SolutionConfigurationPlatforms) = preSolution
		Debug|Any CPU = Debug|Any CPU
		Release|Any CPU = Release|Any CPU
	EndGlobalSection
	GlobalSection(ProjectConfigurationPlatforms) = postSolution
		{CA99B771-DC48-4E27-B4BF-DB8B7A4BB59E}.Debug|Any CPU.ActiveCfg = Debug|Any CPU
		{CA99B771-DC48-4E27-B4BF-DB8B7A4BB59E}.Debug|Any CPU.Build.0 = Debug|Any CPU
		{CA99B771-DC48-4E27-B4BF-DB8B7A4BB59E}.Release|Any CPU.ActiveCfg = Release|Any CPU
		{CA99B771-DC48-4E27-B4BF-DB8B7A4BB59E}.Release|Any CPU.Build.0 = Release|Any CPU
	EndGlobalSection
	GlobalSection(SolutionProperties) = preSolution
		HideSolutionNode = FALSE
	EndGlobalSection
	GlobalSection(ExtensibilityGlobals) = postSolution
		SolutionGuid = {4E223F3D-9C8E-4016-8E90-320DE36C2D83}
	EndGlobalSection
EndGlobal
